
Microsoft Visual Studio Solution File, Format Version 12.00
# Visual Studio Version 17
VisualStudioVersion = 17.10.35013.160
MinimumVisualStudioVersion = 10.0.40219.1
Project("{9A19103F-16F7-4668-BE54-9A1E7A4F7556}") = "Ecoeden.Search.Api", "Ecoeden.Search.Api\Ecoeden.Search.Api.csproj", "{07FE8371-A151-4100-A1F4-76FA3656585F}"
EndProject
Project("{E53339B2-1760-4266-BCC7-CA923CBCF16C}") = "docker-compose", "docker-compose.dcproj", "{1E959C3F-C68D-40FD-BB05-9D477C011655}"
EndProject
Global
	GlobalSection(SolutionConfigurationPlatforms) = preSolution
		Debug|Any CPU = Debug|Any CPU
		Release|Any CPU = Release|Any CPU
	EndGlobalSection
	GlobalSection(ProjectConfigurationPlatforms) = postSolution
		{07FE8371-A151-4100-A1F4-76FA3656585F}.Debug|Any CPU.ActiveCfg = Debug|Any CPU
		{07FE8371-A151-4100-A1F4-76FA3656585F}.Debug|Any CPU.Build.0 = Debug|Any CPU
		{07FE8371-A151-4100-A1F4-76FA3656585F}.Release|Any CPU.ActiveCfg = Release|Any CPU
		{07FE8371-A151-4100-A1F4-76FA3656585F}.Release|Any CPU.Build.0 = Release|Any CPU
		{1E959C3F-C68D-40FD-BB05-9D477C011655}.Debug|Any CPU.ActiveCfg = Debug|Any CPU
		{1E959C3F-C68D-40FD-BB05-9D477C011655}.Debug|Any CPU.Build.0 = Debug|Any CPU
		{1E959C3F-C68D-40FD-BB05-9D477C011655}.Release|Any CPU.ActiveCfg = Release|Any CPU
		{1E959C3F-C68D-40FD-BB05-9D477C011655}.Release|Any CPU.Build.0 = Release|Any CPU
	EndGlobalSection
	GlobalSection(SolutionProperties) = preSolution
		HideSolutionNode = FALSE
	EndGlobalSection
	GlobalSection(ExtensibilityGlobals) = postSolution
		SolutionGuid = {54427BAF-FEF8-4118-A536-6C60DA59EA94}
	EndGlobalSection
EndGlobal
