
Microsoft Visual Studio Solution File, Format Version 12.00
# Visual Studio Version 17
VisualStudioVersion = 17.10.35013.160
MinimumVisualStudioVersion = 10.0.40219.1
Project("{9A19103F-16F7-4668-BE54-9A1E7A4F7556}") = "Ecoeden.Search.Api", "Ecoeden.Search.Api\Ecoeden.Search.Api.csproj", "{07FE8371-A151-4100-A1F4-76FA3656585F}"
EndProject
Project("{E53339B2-1760-4266-BCC7-CA923CBCF16C}") = "docker-compose", "docker-compose.dcproj", "{1E959C3F-C68D-40FD-BB05-9D477C011655}"
EndProject
Project("{9A19103F-16F7-4668-BE54-9A1E7A4F7556}") = "Ecoeden.Search.Application", "Ecoeden.Search.Application\Ecoeden.Search.Application.csproj", "{51B14E68-3B7F-4D2D-AED7-E8F3E24F4730}"
EndProject
Project("{9A19103F-16F7-4668-BE54-9A1E7A4F7556}") = "Ecoeden.Search.Domain", "Ecoeden.Search.Domain\Ecoeden.Search.Domain.csproj", "{99CE5369-E5CD-482B-BD7E-8603C2429ED2}"
EndProject
Project("{9A19103F-16F7-4668-BE54-9A1E7A4F7556}") = "Ecoeden.Search.Infrastructure", "Ecoeden.Search.Infrastructure\Ecoeden.Search.Infrastructure.csproj", "{033B2449-1382-4FB5-BEDA-C151EA285B67}"
EndProject
Project("{FAE04EC0-301F-11D3-BF4B-00C04F79EFBC}") = "Ecoeden.Swagger", "Ecoeden.Swagger\Ecoeden.Swagger.csproj", "{3DAE2239-9333-48A1-9D4D-CB5A7C72910B}"
EndProject
Global
	GlobalSection(SolutionConfigurationPlatforms) = preSolution
		Debug|Any CPU = Debug|Any CPU
		Release|Any CPU = Release|Any CPU
	EndGlobalSection
	GlobalSection(ProjectConfigurationPlatforms) = postSolution
		{07FE8371-A151-4100-A1F4-76FA3656585F}.Debug|Any CPU.ActiveCfg = Debug|Any CPU
		{07FE8371-A151-4100-A1F4-76FA3656585F}.Debug|Any CPU.Build.0 = Debug|Any CPU
		{07FE8371-A151-4100-A1F4-76FA3656585F}.Release|Any CPU.ActiveCfg = Release|Any CPU
		{07FE8371-A151-4100-A1F4-76FA3656585F}.Release|Any CPU.Build.0 = Release|Any CPU
		{1E959C3F-C68D-40FD-BB05-9D477C011655}.Debug|Any CPU.ActiveCfg = Debug|Any CPU
		{1E959C3F-C68D-40FD-BB05-9D477C011655}.Debug|Any CPU.Build.0 = Debug|Any CPU
		{1E959C3F-C68D-40FD-BB05-9D477C011655}.Release|Any CPU.ActiveCfg = Release|Any CPU
		{1E959C3F-C68D-40FD-BB05-9D477C011655}.Release|Any CPU.Build.0 = Release|Any CPU
		{51B14E68-3B7F-4D2D-AED7-E8F3E24F4730}.Debug|Any CPU.ActiveCfg = Debug|Any CPU
		{51B14E68-3B7F-4D2D-AED7-E8F3E24F4730}.Debug|Any CPU.Build.0 = Debug|Any CPU
		{51B14E68-3B7F-4D2D-AED7-E8F3E24F4730}.Release|Any CPU.ActiveCfg = Release|Any CPU
		{51B14E68-3B7F-4D2D-AED7-E8F3E24F4730}.Release|Any CPU.Build.0 = Release|Any CPU
		{99CE5369-E5CD-482B-BD7E-8603C2429ED2}.Debug|Any CPU.ActiveCfg = Debug|Any CPU
		{99CE5369-E5CD-482B-BD7E-8603C2429ED2}.Debug|Any CPU.Build.0 = Debug|Any CPU
		{99CE5369-E5CD-482B-BD7E-8603C2429ED2}.Release|Any CPU.ActiveCfg = Release|Any CPU
		{99CE5369-E5CD-482B-BD7E-8603C2429ED2}.Release|Any CPU.Build.0 = Release|Any CPU
		{033B2449-1382-4FB5-BEDA-C151EA285B67}.Debug|Any CPU.ActiveCfg = Debug|Any CPU
		{033B2449-1382-4FB5-BEDA-C151EA285B67}.Debug|Any CPU.Build.0 = Debug|Any CPU
		{033B2449-1382-4FB5-BEDA-C151EA285B67}.Release|Any CPU.ActiveCfg = Release|Any CPU
		{033B2449-1382-4FB5-BEDA-C151EA285B67}.Release|Any CPU.Build.0 = Release|Any CPU
		{3DAE2239-9333-48A1-9D4D-CB5A7C72910B}.Debug|Any CPU.ActiveCfg = Debug|Any CPU
		{3DAE2239-9333-48A1-9D4D-CB5A7C72910B}.Debug|Any CPU.Build.0 = Debug|Any CPU
		{3DAE2239-9333-48A1-9D4D-CB5A7C72910B}.Release|Any CPU.ActiveCfg = Release|Any CPU
		{3DAE2239-9333-48A1-9D4D-CB5A7C72910B}.Release|Any CPU.Build.0 = Release|Any CPU
	EndGlobalSection
	GlobalSection(SolutionProperties) = preSolution
		HideSolutionNode = FALSE
	EndGlobalSection
	GlobalSection(ExtensibilityGlobals) = postSolution
		SolutionGuid = {54427BAF-FEF8-4118-A536-6C60DA59EA94}
	EndGlobalSection
EndGlobal
